
Microsoft Visual Studio Solution File, Format Version 12.00
# Visual Studio Version 17
VisualStudioVersion = 17.6.33712.159
MinimumVisualStudioVersion = 10.0.40219.1
Project("{00D1A9C2-B5F0-4AF3-8072-F6C62B433612}") = "ADO", "ADO\ADO.sqlproj", "{F68DFA5B-E4CB-4774-B400-7531B2A57A5C}"
EndProject
Project("{FAE04EC0-301F-11D3-BF4B-00C04F79EFBC}") = "ADO-Exercices", "ADO-Exercices\ADO-Exercices.csproj", "{CF06AFC2-8583-4D40-A913-11FA06F55F7C}"
EndProject
Global
	GlobalSection(SolutionConfigurationPlatforms) = preSolution
		Debug|Any CPU = Debug|Any CPU
		Release|Any CPU = Release|Any CPU
	EndGlobalSection
	GlobalSection(ProjectConfigurationPlatforms) = postSolution
		{F68DFA5B-E4CB-4774-B400-7531B2A57A5C}.Debug|Any CPU.ActiveCfg = Debug|Any CPU
		{F68DFA5B-E4CB-4774-B400-7531B2A57A5C}.Debug|Any CPU.Build.0 = Debug|Any CPU
		{F68DFA5B-E4CB-4774-B400-7531B2A57A5C}.Debug|Any CPU.Deploy.0 = Debug|Any CPU
		{F68DFA5B-E4CB-4774-B400-7531B2A57A5C}.Release|Any CPU.ActiveCfg = Release|Any CPU
		{F68DFA5B-E4CB-4774-B400-7531B2A57A5C}.Release|Any CPU.Build.0 = Release|Any CPU
		{F68DFA5B-E4CB-4774-B400-7531B2A57A5C}.Release|Any CPU.Deploy.0 = Release|Any CPU
		{CF06AFC2-8583-4D40-A913-11FA06F55F7C}.Debug|Any CPU.ActiveCfg = Debug|Any CPU
		{CF06AFC2-8583-4D40-A913-11FA06F55F7C}.Debug|Any CPU.Build.0 = Debug|Any CPU
		{CF06AFC2-8583-4D40-A913-11FA06F55F7C}.Release|Any CPU.ActiveCfg = Release|Any CPU
		{CF06AFC2-8583-4D40-A913-11FA06F55F7C}.Release|Any CPU.Build.0 = Release|Any CPU
	EndGlobalSection
	GlobalSection(SolutionProperties) = preSolution
		HideSolutionNode = FALSE
	EndGlobalSection
	GlobalSection(ExtensibilityGlobals) = postSolution
		SolutionGuid = {9D79A5DE-8186-490E-9301-4A16D11042D5}
	EndGlobalSection
EndGlobal
